
Microsoft Visual Studio Solution File, Format Version 12.00
# Visual Studio Version 17
VisualStudioVersion = 17.0.31903.59
MinimumVisualStudioVersion = 10.0.40219.1
Project("{2150E333-8FDC-42A3-9474-1A3956D46DE8}") = "server", "server", "{2617684F-8427-48EB-894C-680F186B072B}"
EndProject
Project("{FAE04EC0-301F-11D3-BF4B-00C04F79EFBC}") = "WanderingTrader.Core", "server\WanderingTrader.Core\WanderingTrader.Core.csproj", "{0575D07F-1B4F-49C2-B2A0-F808CB6CDED0}"
EndProject
Project("{FAE04EC0-301F-11D3-BF4B-00C04F79EFBC}") = "WanderingTrader.Application", "server\WanderingTrader.Application\WanderingTrader.Application.csproj", "{C6CB951B-FE57-4236-9DBE-E32009D980EF}"
EndProject
Project("{FAE04EC0-301F-11D3-BF4B-00C04F79EFBC}") = "WanderingTrader.Infrastructure", "server\WanderingTrader.Infrastructure\WanderingTrader.Infrastructure.csproj", "{4AC8E13E-8FD9-43B9-8743-FE5387EB30B0}"
EndProject
Project("{FAE04EC0-301F-11D3-BF4B-00C04F79EFBC}") = "WanderingTrader.WebAPI", "server\WanderingTrader.WebAPI\WanderingTrader.WebAPI.csproj", "{0008F7D4-B40A-4A8F-93F7-E457B1810B64}"
EndProject
Global
	GlobalSection(SolutionConfigurationPlatforms) = preSolution
		Debug|Any CPU = Debug|Any CPU
		Release|Any CPU = Release|Any CPU
	EndGlobalSection
	GlobalSection(SolutionProperties) = preSolution
		HideSolutionNode = FALSE
	EndGlobalSection
	GlobalSection(ProjectConfigurationPlatforms) = postSolution
		{0575D07F-1B4F-49C2-B2A0-F808CB6CDED0}.Debug|Any CPU.ActiveCfg = Debug|Any CPU
		{0575D07F-1B4F-49C2-B2A0-F808CB6CDED0}.Debug|Any CPU.Build.0 = Debug|Any CPU
		{0575D07F-1B4F-49C2-B2A0-F808CB6CDED0}.Release|Any CPU.ActiveCfg = Release|Any CPU
		{0575D07F-1B4F-49C2-B2A0-F808CB6CDED0}.Release|Any CPU.Build.0 = Release|Any CPU
		{C6CB951B-FE57-4236-9DBE-E32009D980EF}.Debug|Any CPU.ActiveCfg = Debug|Any CPU
		{C6CB951B-FE57-4236-9DBE-E32009D980EF}.Debug|Any CPU.Build.0 = Debug|Any CPU
		{C6CB951B-FE57-4236-9DBE-E32009D980EF}.Release|Any CPU.ActiveCfg = Release|Any CPU
		{C6CB951B-FE57-4236-9DBE-E32009D980EF}.Release|Any CPU.Build.0 = Release|Any CPU
		{4AC8E13E-8FD9-43B9-8743-FE5387EB30B0}.Debug|Any CPU.ActiveCfg = Debug|Any CPU
		{4AC8E13E-8FD9-43B9-8743-FE5387EB30B0}.Debug|Any CPU.Build.0 = Debug|Any CPU
		{4AC8E13E-8FD9-43B9-8743-FE5387EB30B0}.Release|Any CPU.ActiveCfg = Release|Any CPU
		{4AC8E13E-8FD9-43B9-8743-FE5387EB30B0}.Release|Any CPU.Build.0 = Release|Any CPU
		{0008F7D4-B40A-4A8F-93F7-E457B1810B64}.Debug|Any CPU.ActiveCfg = Debug|Any CPU
		{0008F7D4-B40A-4A8F-93F7-E457B1810B64}.Debug|Any CPU.Build.0 = Debug|Any CPU
		{0008F7D4-B40A-4A8F-93F7-E457B1810B64}.Release|Any CPU.ActiveCfg = Release|Any CPU
		{0008F7D4-B40A-4A8F-93F7-E457B1810B64}.Release|Any CPU.Build.0 = Release|Any CPU
	EndGlobalSection
	GlobalSection(NestedProjects) = preSolution
		{0575D07F-1B4F-49C2-B2A0-F808CB6CDED0} = {2617684F-8427-48EB-894C-680F186B072B}
		{C6CB951B-FE57-4236-9DBE-E32009D980EF} = {2617684F-8427-48EB-894C-680F186B072B}
		{4AC8E13E-8FD9-43B9-8743-FE5387EB30B0} = {2617684F-8427-48EB-894C-680F186B072B}
		{0008F7D4-B40A-4A8F-93F7-E457B1810B64} = {2617684F-8427-48EB-894C-680F186B072B}
	EndGlobalSection
EndGlobal
